lockfileVersion: 5.4

specifiers:
  '@microsoft/applicationinsights-analytics-js': ^3.0.2
  '@microsoft/applicationinsights-react-js': ^3.4.3
  '@microsoft/applicationinsights-web': ^3.0.2
  '@pnp/core': ^3.16.0
  '@pnp/logging': ~3.16.0
  '@pnp/queryable': ^3.16.0
  history: ^5.3.0
  react: 17.0.1
  tslib: 2.3.1
  typescript: 4.5.5

dependencies:
  '@microsoft/applicationinsights-analytics-js': 3.0.2_fg2qwr76t7zgfkdw5n6evjk5ui
  '@microsoft/applicationinsights-react-js': 3.4.3_3q64me6fbyhpynkqs6zar5k6ty
  '@microsoft/applicationinsights-web': 3.0.2_fg2qwr76t7zgfkdw5n6evjk5ui
  '@pnp/core': 3.16.0
  '@pnp/logging': 3.16.0
  '@pnp/queryable': 3.16.0
  history: 5.3.0

devDependencies:
  react: 17.0.1
  tslib: 2.3.1
  typescript: 4.5.5

packages:

  /@babel/runtime/7.22.6:
    resolution: {integrity: sha512-wDb5pWm4WDdF6LFUde3Jl8WzPA+3ZbxYqkC6xAXuD3irdEHN1k0NfTRrJD8ZD378SJ61miMLCqIOXYhd8x+AJQ==}
    engines: {node: '>=6.9.0'}
    dependencies:
      regenerator-runtime: 0.13.11
    dev: false

  /@microsoft/applicationinsights-analytics-js/3.0.2_fg2qwr76t7zgfkdw5n6evjk5ui:
    resolution: {integrity: sha512-vrgEiT6cKC2Yb0Y6rCp9CXjFStlRZLI/IhIiBEGYaUfzoytLxUj6F/AizUDYBuNQfE+CTYe0jNyqf+RJgEMkJQ==}
    peerDependencies:
      tslib: '*'
    dependencies:
      '@microsoft/applicationinsights-common': 3.0.2_fg2qwr76t7zgfkdw5n6evjk5ui
      '@microsoft/applicationinsights-core-js': 3.0.2_fg2qwr76t7zgfkdw5n6evjk5ui
      '@microsoft/applicationinsights-shims': 3.0.1_typescript@4.5.5
      '@microsoft/dynamicproto-js': 2.0.2_typescript@4.5.5
      '@nevware21/ts-utils': 0.9.8_typescript@4.5.5
      tslib: 2.3.1
    transitivePeerDependencies:
      - typescript
    dev: false

  /@microsoft/applicationinsights-channel-js/3.0.2_fg2qwr76t7zgfkdw5n6evjk5ui:
    resolution: {integrity: sha512-jDBNKbCHsJgmpv0CKNhJ/uN9ZphvfGdb93Svk+R4LjO8L3apNNMbDDPxBvXXi0uigRmA1TBcmyBG4IRKjabGhw==}
    peerDependencies:
      tslib: '*'
    dependencies:
      '@microsoft/applicationinsights-common': 3.0.2_fg2qwr76t7zgfkdw5n6evjk5ui
      '@microsoft/applicationinsights-core-js': 3.0.2_fg2qwr76t7zgfkdw5n6evjk5ui
      '@microsoft/applicationinsights-shims': 3.0.1_typescript@4.5.5
      '@microsoft/dynamicproto-js': 2.0.2_typescript@4.5.5
      '@nevware21/ts-async': 0.2.6_typescript@4.5.5
      '@nevware21/ts-utils': 0.9.8_typescript@4.5.5
      tslib: 2.3.1
    transitivePeerDependencies:
      - typescript
    dev: false

  /@microsoft/applicationinsights-common/2.8.14_tslib@2.3.1:
    resolution: {integrity: sha512-1xjJvyyRN7tb5ahOTkEGGsvw8zvqmS714y3+1m7ooKHFfxO0wX+eYOU/kke74BCY0nJ/pocB/6hjWZOgwvbHig==}
    peerDependencies:
      tslib: '*'
    dependencies:
      '@microsoft/applicationinsights-core-js': 2.8.14_tslib@2.3.1
      '@microsoft/applicationinsights-shims': 2.0.2
      '@microsoft/dynamicproto-js': 1.1.9
      tslib: 2.3.1
    dev: false

  /@microsoft/applicationinsights-common/3.0.2_fg2qwr76t7zgfkdw5n6evjk5ui:
    resolution: {integrity: sha512-y+WXWop+OVim954Cu1uyYMnNx6PWO8okHpZIQi/1YSqtqaYdtJVPv4P0AVzwJdohxzVfgzKvqj9nec/VWqE2Zg==}
    peerDependencies:
      tslib: '*'
    dependencies:
      '@microsoft/applicationinsights-core-js': 3.0.2_fg2qwr76t7zgfkdw5n6evjk5ui
      '@microsoft/applicationinsights-shims': 3.0.1_typescript@4.5.5
      '@microsoft/dynamicproto-js': 2.0.2_typescript@4.5.5
      '@nevware21/ts-utils': 0.9.8_typescript@4.5.5
      tslib: 2.3.1
    transitivePeerDependencies:
      - typescript
    dev: false

  /@microsoft/applicationinsights-core-js/2.8.14_tslib@2.3.1:
    resolution: {integrity: sha512-XacWUHdjSHMUwdngMZBp0oiCBifD56CQK2Egu2PiBiF4xu2AO2yNCtWSXsQX2g5OkEhVwaEjfa/aH3WbpYxB1g==}
    peerDependencies:
      tslib: '*'
    dependencies:
      '@microsoft/applicationinsights-shims': 2.0.2
      '@microsoft/dynamicproto-js': 1.1.9
      tslib: 2.3.1
    dev: false

  /@microsoft/applicationinsights-core-js/3.0.2_fg2qwr76t7zgfkdw5n6evjk5ui:
    resolution: {integrity: sha512-WQhVhzlRlLDrQzn3OShCW/pL3BW5WC57t0oywSknX3q7lMzI3jDg7Ihh0iuIcNTzGCTbDkuqr4d6IjEDWIMtJQ==}
    peerDependencies:
      tslib: '*'
    dependencies:
      '@microsoft/applicationinsights-shims': 3.0.1_typescript@4.5.5
      '@microsoft/dynamicproto-js': 2.0.2_typescript@4.5.5
      '@nevware21/ts-async': 0.2.6_typescript@4.5.5
      '@nevware21/ts-utils': 0.9.8_typescript@4.5.5
      tslib: 2.3.1
    transitivePeerDependencies:
      - typescript
    dev: false

  /@microsoft/applicationinsights-dependencies-js/3.0.2_fg2qwr76t7zgfkdw5n6evjk5ui:
    resolution: {integrity: sha512-b/YTonnbghg9DOFsLg4zdbYPafW8fPIzV+nZxfPPpxjA1LGvPhZz/zVx9YYWJg2RBXjojLQoJxLf1ro5eNGVig==}
    peerDependencies:
      tslib: '*'
    dependencies:
      '@microsoft/applicationinsights-common': 3.0.2_fg2qwr76t7zgfkdw5n6evjk5ui
      '@microsoft/applicationinsights-core-js': 3.0.2_fg2qwr76t7zgfkdw5n6evjk5ui
      '@microsoft/applicationinsights-shims': 3.0.1_typescript@4.5.5
      '@microsoft/dynamicproto-js': 2.0.2_typescript@4.5.5
      '@nevware21/ts-async': 0.2.6_typescript@4.5.5
      '@nevware21/ts-utils': 0.9.8_typescript@4.5.5
      tslib: 2.3.1
    transitivePeerDependencies:
      - typescript
    dev: false

  /@microsoft/applicationinsights-properties-js/3.0.2_fg2qwr76t7zgfkdw5n6evjk5ui:
    resolution: {integrity: sha512-PFqicp8q4Tc0hqfPjwfqKo12gEqTk1l4lMyUUIU7ugE1XOuDkZcMPha05KnZWKj+F4zQXJcetcAHoVkyoyCFQw==}
    peerDependencies:
      tslib: '*'
    dependencies:
      '@microsoft/applicationinsights-common': 3.0.2_fg2qwr76t7zgfkdw5n6evjk5ui
      '@microsoft/applicationinsights-core-js': 3.0.2_fg2qwr76t7zgfkdw5n6evjk5ui
      '@microsoft/applicationinsights-shims': 3.0.1_typescript@4.5.5
      '@microsoft/dynamicproto-js': 2.0.2_typescript@4.5.5
      '@nevware21/ts-utils': 0.9.8_typescript@4.5.5
      tslib: 2.3.1
    transitivePeerDependencies:
      - typescript
    dev: false

  /@microsoft/applicationinsights-react-js/3.4.3_3q64me6fbyhpynkqs6zar5k6ty:
    resolution: {integrity: sha512-+IIPDYU7DKBwByN7lK/mkMGrnWMGdyIsEZfDzBh/fKDZgGGGgH9B3WHej+vIpdwBcVaPbYx++lonTshn56C9/A==}
    peerDependencies:
      history: '>= 4.10.1'
      react: '>= 17.0.1'
      tslib: '*'
    dependencies:
      '@microsoft/applicationinsights-common': 2.8.14_tslib@2.3.1
      '@microsoft/applicationinsights-core-js': 2.8.14_tslib@2.3.1
      '@microsoft/applicationinsights-shims': 2.0.2
      '@microsoft/dynamicproto-js': 1.1.9
      history: 5.3.0
      react: 17.0.1
      tslib: 2.3.1
    dev: false

  /@microsoft/applicationinsights-shims/2.0.2:
    resolution: {integrity: sha512-PoHEgsnmcqruLNHZ/amACqdJ6YYQpED0KSRe6J7gIJTtpZC1FfFU9b1fmDKDKtFoUSrPzEh1qzO3kmRZP0betg==}
    dev: false

  /@microsoft/applicationinsights-shims/3.0.1_typescript@4.5.5:
    resolution: {integrity: sha512-DKwboF47H1nb33rSUfjqI6ryX29v+2QWcTrRvcQDA32AZr5Ilkr7whOOSsD1aBzwqX0RJEIP1Z81jfE3NBm/Lg==}
    dependencies:
      '@nevware21/ts-utils': 0.9.8_typescript@4.5.5
    transitivePeerDependencies:
      - typescript
    dev: false

  /@microsoft/applicationinsights-web/3.0.2_fg2qwr76t7zgfkdw5n6evjk5ui:
    resolution: {integrity: sha512-pf2zz/3mmGy1RoyaiLZwhHoE2mFZ+AWR3Zf7xPW7HjTG7dEE4BnovNyW3f9Eu6WWkcHUAHmS/ATzqvVlpB3W6A==}
    peerDependencies:
      tslib: '*'
    dependencies:
      '@microsoft/applicationinsights-analytics-js': 3.0.2_fg2qwr76t7zgfkdw5n6evjk5ui
      '@microsoft/applicationinsights-channel-js': 3.0.2_fg2qwr76t7zgfkdw5n6evjk5ui
      '@microsoft/applicationinsights-common': 3.0.2_fg2qwr76t7zgfkdw5n6evjk5ui
      '@microsoft/applicationinsights-core-js': 3.0.2_fg2qwr76t7zgfkdw5n6evjk5ui
      '@microsoft/applicationinsights-dependencies-js': 3.0.2_fg2qwr76t7zgfkdw5n6evjk5ui
      '@microsoft/applicationinsights-properties-js': 3.0.2_fg2qwr76t7zgfkdw5n6evjk5ui
      '@microsoft/applicationinsights-shims': 3.0.1_typescript@4.5.5
      '@microsoft/dynamicproto-js': 2.0.2_typescript@4.5.5
      '@nevware21/ts-async': 0.2.6_typescript@4.5.5
      '@nevware21/ts-utils': 0.9.8_typescript@4.5.5
      tslib: 2.3.1
    transitivePeerDependencies:
      - typescript
    dev: false

  /@microsoft/dynamicproto-js/1.1.9:
    resolution: {integrity: sha512-n1VPsljTSkthsAFYdiWfC+DKzK2WwcRp83Y1YAqdX552BstvsDjft9YXppjUzp11BPsapDoO1LDgrDB0XVsfNQ==}
    dev: false

  /@microsoft/dynamicproto-js/2.0.2_typescript@4.5.5:
    resolution: {integrity: sha512-MB8trWaFREpmb037k/d0bB7T2BP7Ai24w1e1tbz3ASLB0/lwphsq3Nq8S9I5AsI5vs4zAQT+SB5nC5/dLYTiOg==}
    dependencies:
      '@nevware21/ts-utils': 0.9.8_typescript@4.5.5
    transitivePeerDependencies:
      - typescript
    dev: false

  /@nevware21/ts-async/0.2.6_typescript@4.5.5:
    resolution: {integrity: sha512-NCUqEZSbsy7LVtKlUScd/eTst6djkWauLlzoIPVKCOxalEBdO8lrgNRIm4Xy68JNudNN5faqa2WA12X8m0BVhA==}
    peerDependencies:
      typescript: '>=1'
    dependencies:
      '@nevware21/ts-utils': 0.9.8_typescript@4.5.5
      typescript: 4.5.5
    dev: false

  /@nevware21/ts-utils/0.9.8_typescript@4.5.5:
    resolution: {integrity: sha512-kZ8s8hcn9jPVX/M7kSsBYrOGlHjqLahmxrG7QeKTk5paeVwfgKdvVCjj5Acb4UGb/ukU1G34U1Z3eb7bbVanyA==}
    peerDependencies:
      typescript: '>=1'
    dependencies:
      typescript: 4.5.5
    dev: false

  /@pnp/core/3.16.0:
    resolution: {integrity: sha512-nKUAhyIn2NDvsG9BHcRjdUfeql814s57R9aM+SvqF10i2B7PzSyEnqZpbKuc3e/4K9ZSrXlA539B6aNGGRNmFw==}
    engines: {node: '>=14.15.1'}
    dependencies:
      tslib: 2.4.1
    dev: false

  /@pnp/logging/3.16.0:
    resolution: {integrity: sha512-GzxPnF5BVdY5BBEEd7mdfKQyE7w5ZvoL7uTQ8qwLEy0RGgbdXfiZz649jmwDAbhI69K5vnxrwBc/UEv9Gfz1bw==}
    engines: {node: '>=14.15.1'}
    dependencies:
      tslib: 2.4.1
    dev: false

  /@pnp/queryable/3.16.0:
    resolution: {integrity: sha512-drKaMGKaFfBbuR2oHWi2EHMImFr3hzf6tM7a64BJNbwyeVNyzhMert/lMsdyV/PmfNR6fIiIjw3lE8XkHFKOmg==}
    engines: {node: '>=14.15.1'}
    dependencies:
      '@pnp/core': 3.16.0
      tslib: 2.4.1
    dev: false

  /history/5.3.0:
    resolution: {integrity: sha512-ZqaKwjjrAYUYfLG+htGaIIZ4nioX2L70ZUMIFysS3xvBsSG4x/n1V6TXV3N8ZYNuFGlDirFg32T7B6WOUPDYcQ==}
    dependencies:
      '@babel/runtime': 7.22.6
    dev: false

  /js-tokens/4.0.0:
    resolution: {integrity: sha512-RdJUflcE3cUzKiMqQgsCu06FPu9UdIJO0beYbPhHN4k6apgJtifcoCtT9bcxOpYBtpD2kCM6Sbzg4CausW/PKQ==}

  /loose-envify/1.4.0:
    resolution: {integrity: sha512-lyuxPGr/Wfhrlem2CL/UcnUc1zcqKAImBDzukY7Y5F/yQiNdko6+fRLevlw1HgMySw7f611UIY408EtxRSoK3Q==}
    hasBin: true
    dependencies:
      js-tokens: 4.0.0

  /object-assign/4.1.1:
    resolution: {integrity: sha512-rJgTQnkUnH1sFw8yT6VSU3zD3sWmu6sZhIseY8VX+GRu3P6F7Fu+JNDoXfklElbLJSnc3FUQHVe4cU5hj+BcUg==}
    engines: {node: '>=0.10.0'}

  /react/17.0.1:
    resolution: {integrity: sha512-lG9c9UuMHdcAexXtigOZLX8exLWkW0Ku29qPRU8uhF2R9BN96dLCt0psvzPLlHc5OWkgymP3qwTRgbnw5BKx3w==}
    engines: {node: '>=0.10.0'}
    dependencies:
      loose-envify: 1.4.0
      object-assign: 4.1.1

  /regenerator-runtime/0.13.11:
    resolution: {integrity: sha512-kY1AZVr2Ra+t+piVaJ4gxaFaReZVH40AKNo7UCX6W+dEwBo/2oZJzqfuN1qLq1oL45o56cPaTXELwrTh8Fpggg==}
    dev: false

  /tslib/2.3.1:
    resolution: {integrity: sha512-77EbyPPpMz+FRFRuAFlWMtmgUWGe9UOG2Z25NqCwiIjRhOf5iKGuzSe5P2w1laq+FkRy4p+PCuVkJSGkzTEKVw==}

  /tslib/2.4.1:
    resolution: {integrity: sha512-tGyy4dAjRIEwI7BzsB0lynWgOpfqjUdq91XXAlIWD2OwKBH7oCl/GZG/HT4BOHrTlPMOASlMQ7veyTqpmRcrNA==}
    dev: false

  /typescript/4.5.5:
    resolution: {integrity: sha512-TCTIul70LyWe6IJWT8QSYeA54WQe8EjQFU4wY52Fasj5UKx88LNYKCgBEHcOMOrFF1rKGbD8v/xcNWVUq9SymA==}
    engines: {node: '>=4.2.0'}
    hasBin: true
